
Microsoft Visual Studio Solution File, Format Version 12.00
# Visual Studio Version 17
VisualStudioVersion = 17.10.35122.118
MinimumVisualStudioVersion = 10.0.40219.1
Project("{FAE04EC0-301F-11D3-BF4B-00C04F79EFBC}") = "Task_Tracker", "Task_Tracker.csproj", "{BDE6A7C8-ADFA-4383-8E66-048574CC722E}"
EndProject
Global
	GlobalSection(SolutionConfigurationPlatforms) = preSolution
		Debug|Any CPU = Debug|Any CPU
		Release|Any CPU = Release|Any CPU
	EndGlobalSection
	GlobalSection(ProjectConfigurationPlatforms) = postSolution
		{BDE6A7C8-ADFA-4383-8E66-048574CC722E}.Debug|Any CPU.ActiveCfg = Debug|Any CPU
		{BDE6A7C8-ADFA-4383-8E66-048574CC722E}.Debug|Any CPU.Build.0 = Debug|Any CPU
		{BDE6A7C8-ADFA-4383-8E66-048574CC722E}.Release|Any CPU.ActiveCfg = Release|Any CPU
		{BDE6A7C8-ADFA-4383-8E66-048574CC722E}.Release|Any CPU.Build.0 = Release|Any CPU
	EndGlobalSection
	GlobalSection(SolutionProperties) = preSolution
		HideSolutionNode = FALSE
	EndGlobalSection
	GlobalSection(ExtensibilityGlobals) = postSolution
		SolutionGuid = {990E936D-D4AD-432A-BA33-6541575AC6B6}
	EndGlobalSection
EndGlobal
